
Microsoft Visual Studio Solution File, Format Version 12.00
# Visual Studio 15
VisualStudioVersion = 15.0.28307.168
MinimumVisualStudioVersion = 10.0.40219.1
Project("{FAE04EC0-301F-11D3-BF4B-00C04F79EFBC}") = "GraphicsEditor", "GraphicsEditor\GraphicsEditor.csproj", "{397F8F64-39CE-4AB0-887A-8DE4EF835958}"
EndProject
Global
	GlobalSection(SolutionConfigurationPlatforms) = preSolution
		Debug|Any CPU = Debug|Any CPU
		Release|Any CPU = Release|Any CPU
	EndGlobalSection
	GlobalSection(ProjectConfigurationPlatforms) = postSolution
		{397F8F64-39CE-4AB0-887A-8DE4EF835958}.Debug|Any CPU.ActiveCfg = Debug|Any CPU
		{397F8F64-39CE-4AB0-887A-8DE4EF835958}.Debug|Any CPU.Build.0 = Debug|Any CPU
		{397F8F64-39CE-4AB0-887A-8DE4EF835958}.Release|Any CPU.ActiveCfg = Release|Any CPU
		{397F8F64-39CE-4AB0-887A-8DE4EF835958}.Release|Any CPU.Build.0 = Release|Any CPU
	EndGlobalSection
	GlobalSection(SolutionProperties) = preSolution
		HideSolutionNode = FALSE
	EndGlobalSection
	GlobalSection(ExtensibilityGlobals) = postSolution
		SolutionGuid = {52DE30DA-A288-40B2-BD7F-B31408B61BE3}
	EndGlobalSection
EndGlobal
